
Microsoft Visual Studio Solution File, Format Version 12.00
Project("{FAE04EC0-301F-11D3-BF4B-00C04F79EFBC}") = "Ecommerce.Payment.Domain", "Ecommerce.Payment.Domain\Ecommerce.Payment.Domain.csproj", "{F5758A32-DF3C-48D2-AC95-A9B10FD0E42E}"
EndProject
Project("{FAE04EC0-301F-11D3-BF4B-00C04F79EFBC}") = "Ecommerce.Payment.Application", "Ecommerce.Payment.Application\Ecommerce.Payment.Application.csproj", "{1E5F46D5-C903-470C-BE6D-D330635642CA}"
EndProject
Project("{FAE04EC0-301F-11D3-BF4B-00C04F79EFBC}") = "Ecommerce.Payment.Persistence", "Ecommerce.Payment.Persistence\Ecommerce.Payment.Persistence.csproj", "{E88E7211-F21F-4572-B5E4-14180B38F6B6}"
EndProject
Project("{FAE04EC0-301F-11D3-BF4B-00C04F79EFBC}") = "Ecommerce.Payment.Infrastructure", "Ecommerce.Payment.Infrastructure\Ecommerce.Payment.Infrastructure.csproj", "{A7378557-12A4-439D-B7CE-36B4F7BA3901}"
EndProject
Project("{FAE04EC0-301F-11D3-BF4B-00C04F79EFBC}") = "Ecommerce.Payment.Api", "Ecommerce.Payment.Api\Ecommerce.Payment.Api.csproj", "{FE2195B9-4112-4465-B2DD-3C78C27770F5}"
EndProject
Global
	GlobalSection(SolutionConfigurationPlatforms) = preSolution
		Debug|Any CPU = Debug|Any CPU
		Release|Any CPU = Release|Any CPU
	EndGlobalSection
	GlobalSection(ProjectConfigurationPlatforms) = postSolution
		{F5758A32-DF3C-48D2-AC95-A9B10FD0E42E}.Debug|Any CPU.ActiveCfg = Debug|Any CPU
		{F5758A32-DF3C-48D2-AC95-A9B10FD0E42E}.Debug|Any CPU.Build.0 = Debug|Any CPU
		{F5758A32-DF3C-48D2-AC95-A9B10FD0E42E}.Release|Any CPU.ActiveCfg = Release|Any CPU
		{F5758A32-DF3C-48D2-AC95-A9B10FD0E42E}.Release|Any CPU.Build.0 = Release|Any CPU
		{1E5F46D5-C903-470C-BE6D-D330635642CA}.Debug|Any CPU.ActiveCfg = Debug|Any CPU
		{1E5F46D5-C903-470C-BE6D-D330635642CA}.Debug|Any CPU.Build.0 = Debug|Any CPU
		{1E5F46D5-C903-470C-BE6D-D330635642CA}.Release|Any CPU.ActiveCfg = Release|Any CPU
		{1E5F46D5-C903-470C-BE6D-D330635642CA}.Release|Any CPU.Build.0 = Release|Any CPU
		{E88E7211-F21F-4572-B5E4-14180B38F6B6}.Debug|Any CPU.ActiveCfg = Debug|Any CPU
		{E88E7211-F21F-4572-B5E4-14180B38F6B6}.Debug|Any CPU.Build.0 = Debug|Any CPU
		{E88E7211-F21F-4572-B5E4-14180B38F6B6}.Release|Any CPU.ActiveCfg = Release|Any CPU
		{E88E7211-F21F-4572-B5E4-14180B38F6B6}.Release|Any CPU.Build.0 = Release|Any CPU
		{A7378557-12A4-439D-B7CE-36B4F7BA3901}.Debug|Any CPU.ActiveCfg = Debug|Any CPU
		{A7378557-12A4-439D-B7CE-36B4F7BA3901}.Debug|Any CPU.Build.0 = Debug|Any CPU
		{A7378557-12A4-439D-B7CE-36B4F7BA3901}.Release|Any CPU.ActiveCfg = Release|Any CPU
		{A7378557-12A4-439D-B7CE-36B4F7BA3901}.Release|Any CPU.Build.0 = Release|Any CPU
		{FE2195B9-4112-4465-B2DD-3C78C27770F5}.Debug|Any CPU.ActiveCfg = Debug|Any CPU
		{FE2195B9-4112-4465-B2DD-3C78C27770F5}.Debug|Any CPU.Build.0 = Debug|Any CPU
		{FE2195B9-4112-4465-B2DD-3C78C27770F5}.Release|Any CPU.ActiveCfg = Release|Any CPU
		{FE2195B9-4112-4465-B2DD-3C78C27770F5}.Release|Any CPU.Build.0 = Release|Any CPU
	EndGlobalSection
EndGlobal
